
Microsoft Visual Studio Solution File, Format Version 12.00
# Visual Studio Version 16
VisualStudioVersion = 16.0.30309.148
MinimumVisualStudioVersion = 10.0.40219.1
Project("{FAE04EC0-301F-11D3-BF4B-00C04F79EFBC}") = "Cyber Cafe Management", "Cyber Cafe Management\Cyber Cafe Management.csproj", "{34D48B7F-68B0-45A1-B222-6A12C8B73FAE}"
EndProject
Project("{FAE04EC0-301F-11D3-BF4B-00C04F79EFBC}") = "Cyber Mangament Client", "Cyber Mangament Client\Cyber Mangament Client.csproj", "{A512223A-0784-47CC-B446-89594595AF8E}"
EndProject
Project("{FAE04EC0-301F-11D3-BF4B-00C04F79EFBC}") = "SharedLib", "SharedLib\SharedLib.csproj", "{6A999141-FBA3-47A2-8E18-FA8ECFEC2814}"
EndProject
Global
	GlobalSection(SolutionConfigurationPlatforms) = preSolution
		Debug|Any CPU = Debug|Any CPU
		Release|Any CPU = Release|Any CPU
	EndGlobalSection
	GlobalSection(ProjectConfigurationPlatforms) = postSolution
		{34D48B7F-68B0-45A1-B222-6A12C8B73FAE}.Debug|Any CPU.ActiveCfg = Debug|Any CPU
		{34D48B7F-68B0-45A1-B222-6A12C8B73FAE}.Debug|Any CPU.Build.0 = Debug|Any CPU
		{34D48B7F-68B0-45A1-B222-6A12C8B73FAE}.Release|Any CPU.ActiveCfg = Release|Any CPU
		{34D48B7F-68B0-45A1-B222-6A12C8B73FAE}.Release|Any CPU.Build.0 = Release|Any CPU
		{A512223A-0784-47CC-B446-89594595AF8E}.Debug|Any CPU.ActiveCfg = Debug|Any CPU
		{A512223A-0784-47CC-B446-89594595AF8E}.Debug|Any CPU.Build.0 = Debug|Any CPU
		{A512223A-0784-47CC-B446-89594595AF8E}.Release|Any CPU.ActiveCfg = Release|Any CPU
		{A512223A-0784-47CC-B446-89594595AF8E}.Release|Any CPU.Build.0 = Release|Any CPU
		{6A999141-FBA3-47A2-8E18-FA8ECFEC2814}.Debug|Any CPU.ActiveCfg = Debug|Any CPU
		{6A999141-FBA3-47A2-8E18-FA8ECFEC2814}.Debug|Any CPU.Build.0 = Debug|Any CPU
		{6A999141-FBA3-47A2-8E18-FA8ECFEC2814}.Release|Any CPU.ActiveCfg = Release|Any CPU
		{6A999141-FBA3-47A2-8E18-FA8ECFEC2814}.Release|Any CPU.Build.0 = Release|Any CPU
	EndGlobalSection
	GlobalSection(SolutionProperties) = preSolution
		HideSolutionNode = FALSE
	EndGlobalSection
	GlobalSection(ExtensibilityGlobals) = postSolution
		SolutionGuid = {2F310035-C4D8-4237-91E3-551199360044}
	EndGlobalSection
EndGlobal
